// !$*UTF8*$!
{
	archiveVersion = 1;
	classes = {
	};
	objectVersion = 56;
	objects = {

/* Begin PBXBuildFile section */
		3B1B527D2ABD609700C934D2 /* Users+CoreDataClass.swift in Sources */ = {isa = PBXBuildFile; fileRef = 3B1B527B2ABD609700C934D2 /* Users+CoreDataClass.swift */; };
		3B1B527E2ABD609700C934D2 /* Users+CoreDataProperties.swift in Sources */ = {isa = PBXBuildFile; fileRef = 3B1B527C2ABD609700C934D2 /* Users+CoreDataProperties.swift */; };
		3B1B52812ABD6E2900C934D2 /* ExstensionUsersView.swift in Sources */ = {isa = PBXBuildFile; fileRef = 3B1B52802ABD6E2900C934D2 /* ExstensionUsersView.swift */; };
		3BAB868E2AB9A7950090D0B6 /* AppDelegate.swift in Sources */ = {isa = PBXBuildFile; fileRef = 3BAB868D2AB9A7950090D0B6 /* AppDelegate.swift */; };
		3BAB86902AB9A7950090D0B6 /* SceneDelegate.swift in Sources */ = {isa = PBXBuildFile; fileRef = 3BAB868F2AB9A7950090D0B6 /* SceneDelegate.swift */; };
		3BAB86922AB9A7950090D0B6 /* UsersViewController.swift in Sources */ = {isa = PBXBuildFile; fileRef = 3BAB86912AB9A7950090D0B6 /* UsersViewController.swift */; };
		3BAB86972AB9A7960090D0B6 /* Assets.xcassets in Resources */ = {isa = PBXBuildFile; fileRef = 3BAB86962AB9A7960090D0B6 /* Assets.xcassets */; };
		3BAB86C82ABAB85B0090D0B6 /* DetailViewController.swift in Sources */ = {isa = PBXBuildFile; fileRef = 3BAB86C72ABAB85B0090D0B6 /* DetailViewController.swift */; };
		3BAB86CA2ABAEFB00090D0B6 /* Presenter.swift in Sources */ = {isa = PBXBuildFile; fileRef = 3BAB86C92ABAEFB00090D0B6 /* Presenter.swift */; };
		3BAB87102ABCB77B0090D0B6 /* Model.xcdatamodeld in Sources */ = {isa = PBXBuildFile; fileRef = 3BAB870E2ABCB77B0090D0B6 /* Model.xcdatamodeld */; };
/* End PBXBuildFile section */

/* Begin PBXFileReference section */
		3B1B527B2ABD609700C934D2 /* Users+CoreDataClass.swift */ = {isa = PBXFileReference; lastKnownFileType = sourcecode.swift; path = "Users+CoreDataClass.swift"; sourceTree = "<group>"; };
		3B1B527C2ABD609700C934D2 /* Users+CoreDataProperties.swift */ = {isa = PBXFileReference; lastKnownFileType = sourcecode.swift; path = "Users+CoreDataProperties.swift"; sourceTree = "<group>"; };
		3B1B52802ABD6E2900C934D2 /* ExstensionUsersView.swift */ = {isa = PBXFileReference; lastKnownFileType = sourcecode.swift; path = ExstensionUsersView.swift; sourceTree = "<group>"; };
		3BAB868A2AB9A7950090D0B6 /* IOS10-HW22-KalykAzhar.app */ = {isa = PBXFileReference; explicitFileType = wrapper.application; includeInIndex = 0; path = "IOS10-HW22-KalykAzhar.app"; sourceTree = BUILT_PRODUCTS_DIR; };
		3BAB868D2AB9A7950090D0B6 /* AppDelegate.swift */ = {isa = PBXFileReference; lastKnownFileType = sourcecode.swift; path = AppDelegate.swift; sourceTree = "<group>"; };
		3BAB868F2AB9A7950090D0B6 /* SceneDelegate.swift */ = {isa = PBXFileReference; lastKnownFileType = sourcecode.swift; path = SceneDelegate.swift; sourceTree = "<group>"; };
		3BAB86912AB9A7950090D0B6 /* UsersViewController.swift */ = {isa = PBXFileReference; lastKnownFileType = sourcecode.swift; path = UsersViewController.swift; sourceTree = "<group>"; };
		3BAB86962AB9A7960090D0B6 /* Assets.xcassets */ = {isa = PBXFileReference; lastKnownFileType = folder.assetcatalog; path = Assets.xcassets; sourceTree = "<group>"; };
		3BAB869B2AB9A7960090D0B6 /* Info.plist */ = {isa = PBXFileReference; lastKnownFileType = text.plist.xml; path = Info.plist; sourceTree = "<group>"; };
		3BAB86C72ABAB85B0090D0B6 /* DetailViewController.swift */ = {isa = PBXFileReference; lastKnownFileType = sourcecode.swift; path = DetailViewController.swift; sourceTree = "<group>"; };
		3BAB86C92ABAEFB00090D0B6 /* Presenter.swift */ = {isa = PBXFileReference; lastKnownFileType = sourcecode.swift; path = Presenter.swift; sourceTree = "<group>"; };
		3BAB870F2ABCB77B0090D0B6 /* Model.xcdatamodel */ = {isa = PBXFileReference; lastKnownFileType = wrapper.xcdatamodel; path = Model.xcdatamodel; sourceTree = "<group>"; };
/* End PBXFileReference section */

/* Begin PBXFrameworksBuildPhase section */
		3BAB86872AB9A7950090D0B6 /* Frameworks */ = {
			isa = PBXFrameworksBuildPhase;
			buildActionMask = 2147483647;
			files = (
			);
			runOnlyForDeploymentPostprocessing = 0;
		};
/* End PBXFrameworksBuildPhase section */

/* Begin PBXGroup section */
		3B1B527F2ABD6DF200C934D2 /* ExtensionUsersViewController */ = {
			isa = PBXGroup;
			children = (
				3B1B52802ABD6E2900C934D2 /* ExstensionUsersView.swift */,
			);
			path = ExtensionUsersViewController;
			sourceTree = "<group>";
		};
		3BAB86812AB9A7950090D0B6 = {
			isa = PBXGroup;
			children = (
				3BAB868C2AB9A7950090D0B6 /* IOS10-HW22-KalykAzhar */,
				3BAB868B2AB9A7950090D0B6 /* Products */,
			);
			sourceTree = "<group>";
		};
		3BAB868B2AB9A7950090D0B6 /* Products */ = {
			isa = PBXGroup;
			children = (
				3BAB868A2AB9A7950090D0B6 /* IOS10-HW22-KalykAzhar.app */,
			);
			name = Products;
			sourceTree = "<group>";
		};
		3BAB868C2AB9A7950090D0B6 /* IOS10-HW22-KalykAzhar */ = {
			isa = PBXGroup;
			children = (
				3BAB87172ABCBBA50090D0B6 /* Resourses */,
				3BAB87182ABCBBFD0090D0B6 /* Sourses */,
				3BAB869B2AB9A7960090D0B6 /* Info.plist */,
				3BAB870E2ABCB77B0090D0B6 /* Model.xcdatamodeld */,
			);
			path = "IOS10-HW22-KalykAzhar";
			sourceTree = "<group>";
		};
		3BAB87132ABCBB590090D0B6 /* App */ = {
			isa = PBXGroup;
			children = (
				3BAB868D2AB9A7950090D0B6 /* AppDelegate.swift */,
				3BAB868F2AB9A7950090D0B6 /* SceneDelegate.swift */,
				3BAB86C92ABAEFB00090D0B6 /* Presenter.swift */,
			);
			path = App;
			sourceTree = "<group>";
		};
		3BAB87142ABCBB640090D0B6 /* View */ = {
			isa = PBXGroup;
			children = (
				3BAB86912AB9A7950090D0B6 /* UsersViewController.swift */,
				3BAB86C72ABAB85B0090D0B6 /* DetailViewController.swift */,
				3B1B527F2ABD6DF200C934D2 /* ExtensionUsersViewController */,
			);
			path = View;
			sourceTree = "<group>";
		};
		3BAB87162ABCBB850090D0B6 /* Model */ = {
			isa = PBXGroup;
			children = (
				3B1B527B2ABD609700C934D2 /* Users+CoreDataClass.swift */,
				3B1B527C2ABD609700C934D2 /* Users+CoreDataProperties.swift */,
			);
			path = Model;
			sourceTree = "<group>";
		};
		3BAB87172ABCBBA50090D0B6 /* Resourses */ = {
			isa = PBXGroup;
			children = (
				3BAB87132ABCBB590090D0B6 /* App */,
				3BAB87142ABCBB640090D0B6 /* View */,
				3BAB87162ABCBB850090D0B6 /* Model */,
			);
			path = Resourses;
			sourceTree = "<group>";
		};
		3BAB87182ABCBBFD0090D0B6 /* Sourses */ = {
			isa = PBXGroup;
			children = (
				3BAB86962AB9A7960090D0B6 /* Assets.xcassets */,
			);
			path = Sourses;
			sourceTree = "<group>";
		};
/* End PBXGroup section */

/* Begin PBXNativeTarget section */
		3BAB86892AB9A7950090D0B6 /* IOS10-HW22-KalykAzhar */ = {
			isa = PBXNativeTarget;
			buildConfigurationList = 3BAB869E2AB9A7960090D0B6 /* Build configuration list for PBXNativeTarget "IOS10-HW22-KalykAzhar" */;
			buildPhases = (
				3BAB86862AB9A7950090D0B6 /* Sources */,
				3BAB86872AB9A7950090D0B6 /* Frameworks */,
				3BAB86882AB9A7950090D0B6 /* Resources */,
			);
			buildRules = (
			);
			dependencies = (
			);
			name = "IOS10-HW22-KalykAzhar";
			productName = "IOS10-HW22-KalykAzhar";
			productReference = 3BAB868A2AB9A7950090D0B6 /* IOS10-HW22-KalykAzhar.app */;
			productType = "com.apple.product-type.application";
		};
/* End PBXNativeTarget section */

/* Begin PBXProject section */
		3BAB86822AB9A7950090D0B6 /* Project object */ = {
			isa = PBXProject;
			attributes = {
				BuildIndependentTargetsInParallel = 1;
				LastSwiftUpdateCheck = 1430;
				LastUpgradeCheck = 1430;
				TargetAttributes = {
					3BAB86892AB9A7950090D0B6 = {
						CreatedOnToolsVersion = 14.3.1;
					};
				};
			};
			buildConfigurationList = 3BAB86852AB9A7950090D0B6 /* Build configuration list for PBXProject "IOS10-HW22-KalykAzhar" */;
			compatibilityVersion = "Xcode 14.0";
			developmentRegion = en;
			hasScannedForEncodings = 0;
			knownRegions = (
				en,
				Base,
			);
			mainGroup = 3BAB86812AB9A7950090D0B6;
			productRefGroup = 3BAB868B2AB9A7950090D0B6 /* Products */;
			projectDirPath = "";
			projectRoot = "";
			targets = (
				3BAB86892AB9A7950090D0B6 /* IOS10-HW22-KalykAzhar */,
			);
		};
/* End PBXProject section */

/* Begin PBXResourcesBuildPhase section */
		3BAB86882AB9A7950090D0B6 /* Resources */ = {
			isa = PBXResourcesBuildPhase;
			buildActionMask = 2147483647;
			files = (
				3BAB86972AB9A7960090D0B6 /* Assets.xcassets in Resources */,
			);
			runOnlyForDeploymentPostprocessing = 0;
		};
/* End PBXResourcesBuildPhase section */

/* Begin PBXSourcesBuildPhase section */
		3BAB86862AB9A7950090D0B6 /* Sources */ = {
			isa = PBXSourcesBuildPhase;
			buildActionMask = 2147483647;
			files = (
				3B1B527D2ABD609700C934D2 /* Users+CoreDataClass.swift in Sources */,
				3BAB86CA2ABAEFB00090D0B6 /* Presenter.swift in Sources */,
				3BAB86922AB9A7950090D0B6 /* UsersViewController.swift in Sources */,
				3B1B52812ABD6E2900C934D2 /* ExstensionUsersView.swift in Sources */,
				3BAB868E2AB9A7950090D0B6 /* AppDelegate.swift in Sources */,
				3BAB86C82ABAB85B0090D0B6 /* DetailViewController.swift in Sources */,
				3BAB86902AB9A7950090D0B6 /* SceneDelegate.swift in Sources */,
				3B1B527E2ABD609700C934D2 /* Users+CoreDataProperties.swift in Sources */,
				3BAB87102ABCB77B0090D0B6 /* Model.xcdatamodeld in Sources */,
			);
			runOnlyForDeploymentPostprocessing = 0;
		};
/* End PBXSourcesBuildPhase section */

/* Begin XCBuildConfiguration section */
		3BAB869C2AB9A7960090D0B6 /* Debug */ = {
			isa = XCBuildConfiguration;
			buildSettings = {
				ALWAYS_SEARCH_USER_PATHS = NO;
				CLANG_ANALYZER_NONNULL = YES;
				CLANG_ANALYZER_NUMBER_OBJECT_CONVERSION = YES_AGGRESSIVE;
				CLANG_CXX_LANGUAGE_STANDARD = "gnu++20";
				CLANG_ENABLE_MODULES = YES;
				CLANG_ENABLE_OBJC_ARC = YES;
				CLANG_ENABLE_OBJC_WEAK = YES;
				CLANG_WARN_BLOCK_CAPTURE_AUTORELEASING = YES;
				CLANG_WARN_BOOL_CONVERSION = YES;
				CLANG_WARN_COMMA = YES;
				CLANG_WARN_CONSTANT_CONVERSION = YES;
				CLANG_WARN_DEPRECATED_OBJC_IMPLEMENTATIONS = YES;
				CLANG_WARN_DIRECT_OBJC_ISA_USAGE = YES_ERROR;
				CLANG_WARN_DOCUMENTATION_COMMENTS = YES;
				CLANG_WARN_EMPTY_BODY = YES;
				CLANG_WARN_ENUM_CONVERSION = YES;
				CLANG_WARN_INFINITE_RECURSION = YES;
				CLANG_WARN_INT_CONVERSION = YES;
				CLANG_WARN_NON_LITERAL_NULL_CONVERSION = YES;
				CLANG_WARN_OBJC_IMPLICIT_RETAIN_SELF = YES;
				CLANG_WARN_OBJC_LITERAL_CONVERSION = YES;
				CLANG_WARN_OBJC_ROOT_CLASS = YES_ERROR;
				CLANG_WARN_QUOTED_INCLUDE_IN_FRAMEWORK_HEADER = YES;
				CLANG_WARN_RANGE_LOOP_ANALYSIS = YES;
				CLANG_WARN_STRICT_PROTOTYPES = YES;
				CLANG_WARN_SUSPICIOUS_MOVE = YES;
				CLANG_WARN_UNGUARDED_AVAILABILITY = YES_AGGRESSIVE;
				CLANG_WARN_UNREACHABLE_CODE = YES;
				CLANG_WARN__DUPLICATE_METHOD_MATCH = YES;
				COPY_PHASE_STRIP = NO;
				DEBUG_INFORMATION_FORMAT = dwarf;
				ENABLE_STRICT_OBJC_MSGSEND = YES;
				ENABLE_TESTABILITY = YES;
				GCC_C_LANGUAGE_STANDARD = gnu11;
				GCC_DYNAMIC_NO_PIC = NO;
				GCC_NO_COMMON_BLOCKS = YES;
				GCC_OPTIMIZATION_LEVEL = 0;
				GCC_PREPROCESSOR_DEFINITIONS = (
					"DEBUG=1",
					"$(inherited)",
				);
				GCC_WARN_64_TO_32_BIT_CONVERSION = YES;
				GCC_WARN_ABOUT_RETURN_TYPE = YES_ERROR;
				GCC_WARN_UNDECLARED_SELECTOR = YES;
				GCC_WARN_UNINITIALIZED_AUTOS = YES_AGGRESSIVE;
				GCC_WARN_UNUSED_FUNCTION = YES;
				GCC_WARN_UNUSED_VARIABLE = YES;
				IPHONEOS_DEPLOYMENT_TARGET = 16.4;
				MTL_ENABLE_DEBUG_INFO = INCLUDE_SOURCE;
				MTL_FAST_MATH = YES;
				ONLY_ACTIVE_ARCH = YES;
				SDKROOT = iphoneos;
				SWIFT_ACTIVE_COMPILATION_CONDITIONS = DEBUG;
				SWIFT_OPTIMIZATION_LEVEL = "-Onone";
			};
			name = Debug;
		};
		3BAB869D2AB9A7960090D0B6 /* Release */ = {
			isa = XCBuildConfiguration;
			buildSettings = {
				ALWAYS_SEARCH_USER_PATHS = NO;
				CLANG_ANALYZER_NONNULL = YES;
				CLANG_ANALYZER_NUMBER_OBJECT_CONVERSION = YES_AGGRESSIVE;
				CLANG_CXX_LANGUAGE_STANDARD = "gnu++20";
				CLANG_ENABLE_MODULES = YES;
				CLANG_ENABLE_OBJC_ARC = YES;
				CLANG_ENABLE_OBJC_WEAK = YES;
				CLANG_WARN_BLOCK_CAPTURE_AUTORELEASING = YES;
				CLANG_WARN_BOOL_CONVERSION = YES;
				CLANG_WARN_COMMA = YES;
				CLANG_WARN_CONSTANT_CONVERSION = YES;
				CLANG_WARN_DEPRECATED_OBJC_IMPLEMENTATIONS = YES;
				CLANG_WARN_DIRECT_OBJC_ISA_USAGE = YES_ERROR;
				CLANG_WARN_DOCUMENTATION_COMMENTS = YES;
				CLANG_WARN_EMPTY_BODY = YES;
				CLANG_WARN_ENUM_CONVERSION = YES;
				CLANG_WARN_INFINITE_RECURSION = YES;
				CLANG_WARN_INT_CONVERSION = YES;
				CLANG_WARN_NON_LITERAL_NULL_CONVERSION = YES;
				CLANG_WARN_OBJC_IMPLICIT_RETAIN_SELF = YES;
				CLANG_WARN_OBJC_LITERAL_CONVERSION = YES;
				CLANG_WARN_OBJC_ROOT_CLASS = YES_ERROR;
				CLANG_WARN_QUOTED_INCLUDE_IN_FRAMEWORK_HEADER = YES;
				CLANG_WARN_RANGE_LOOP_ANALYSIS = YES;
				CLANG_WARN_STRICT_PROTOTYPES = YES;
				CLANG_WARN_SUSPICIOUS_MOVE = YES;
				CLANG_WARN_UNGUARDED_AVAILABILITY = YES_AGGRESSIVE;
				CLANG_WARN_UNREACHABLE_CODE = YES;
				CLANG_WARN__DUPLICATE_METHOD_MATCH = YES;
				COPY_PHASE_STRIP = NO;
				DEBUG_INFORMATION_FORMAT = "dwarf-with-dsym";
				ENABLE_NS_ASSERTIONS = NO;
				ENABLE_STRICT_OBJC_MSGSEND = YES;
				GCC_C_LANGUAGE_STANDARD = gnu11;
				GCC_NO_COMMON_BLOCKS = YES;
				GCC_WARN_64_TO_32_BIT_CONVERSION = YES;
				GCC_WARN_ABOUT_RETURN_TYPE = YES_ERROR;
				GCC_WARN_UNDECLARED_SELECTOR = YES;
				GCC_WARN_UNINITIALIZED_AUTOS = YES_AGGRESSIVE;
				GCC_WARN_UNUSED_FUNCTION = YES;
				GCC_WARN_UNUSED_VARIABLE = YES;
				IPHONEOS_DEPLOYMENT_TARGET = 16.4;
				MTL_ENABLE_DEBUG_INFO = NO;
				MTL_FAST_MATH = YES;
				SDKROOT = iphoneos;
				SWIFT_COMPILATION_MODE = wholemodule;
				SWIFT_OPTIMIZATION_LEVEL = "-O";
				VALIDATE_PRODUCT = YES;
			};
			name = Release;
		};
		3BAB869F2AB9A7960090D0B6 /* Debug */ = {
			isa = XCBuildConfiguration;
			buildSettings = {
				ASSETCATALOG_COMPILER_APPICON_NAME = AppIcon;
				ASSETCATALOG_COMPILER_GLOBAL_ACCENT_COLOR_NAME = AccentColor;
				CODE_SIGN_STYLE = Automatic;
				CURRENT_PROJECT_VERSION = 1;
				DEVELOPMENT_TEAM = QF9HR22348;
				GENERATE_INFOPLIST_FILE = YES;
				INFOPLIST_FILE = "IOS10-HW22-KalykAzhar/Info.plist";
				INFOPLIST_KEY_UIApplicationSupportsIndirectInputEvents = YES;
				INFOPLIST_KEY_UILaunchStoryboardName = LaunchScreen;
				INFOPLIST_KEY_UISupportedInterfaceOrientations_iPad = "UIInterfaceOrientationPortrait UIInterfaceOrientationPortraitUpsideDown UIInterfaceOrientationLandscapeLeft UIInterfaceOrientationLandscapeRight";
				INFOPLIST_KEY_UISupportedInterfaceOrientations_iPhone = "UIInterfaceOrientationPortrait UIInterfaceOrientationLandscapeLeft UIInterfaceOrientationLandscapeRight";
				LD_RUNPATH_SEARCH_PATHS = (
					"$(inherited)",
					"@executable_path/Frameworks",
				);
				MARKETING_VERSION = 1.0;
				PRODUCT_BUNDLE_IDENTIFIER = "com.kalyk.IOS10-HW22-KalykAzhar";
				PRODUCT_NAME = "$(TARGET_NAME)";
				SWIFT_EMIT_LOC_STRINGS = YES;
				SWIFT_VERSION = 5.0;
				TARGETED_DEVICE_FAMILY = "1,2";
			};
			name = Debug;
		};
		3BAB86A02AB9A7960090D0B6 /* Release */ = {
			isa = XCBuildConfiguration;
			buildSettings = {
				ASSETCATALOG_COMPILER_APPICON_NAME = AppIcon;
				ASSETCATALOG_COMPILER_GLOBAL_ACCENT_COLOR_NAME = AccentColor;
				CODE_SIGN_STYLE = Automatic;
				CURRENT_PROJECT_VERSION = 1;
				DEVELOPMENT_TEAM = QF9HR22348;
				GENERATE_INFOPLIST_FILE = YES;
				INFOPLIST_FILE = "IOS10-HW22-KalykAzhar/Info.plist";
				INFOPLIST_KEY_UIApplicationSupportsIndirectInputEvents = YES;
				INFOPLIST_KEY_UILaunchStoryboardName = LaunchScreen;
				INFOPLIST_KEY_UISupportedInterfaceOrientations_iPad = "UIInterfaceOrientationPortrait UIInterfaceOrientationPortraitUpsideDown UIInterfaceOrientationLandscapeLeft UIInterfaceOrientationLandscapeRight";
				INFOPLIST_KEY_UISupportedInterfaceOrientations_iPhone = "UIInterfaceOrientationPortrait UIInterfaceOrientationLandscapeLeft UIInterfaceOrientationLandscapeRight";
				LD_RUNPATH_SEARCH_PATHS = (
					"$(inherited)",
					"@executable_path/Frameworks",
				);
				MARKETING_VERSION = 1.0;
				PRODUCT_BUNDLE_IDENTIFIER = "com.kalyk.IOS10-HW22-KalykAzhar";
				PRODUCT_NAME = "$(TARGET_NAME)";
				SWIFT_EMIT_LOC_STRINGS = YES;
				SWIFT_VERSION = 5.0;
				TARGETED_DEVICE_FAMILY = "1,2";
			};
			name = Release;
		};
/* End XCBuildConfiguration section */

/* Begin XCConfigurationList section */
		3BAB86852AB9A7950090D0B6 /* Build configuration list for PBXProject "IOS10-HW22-KalykAzhar" */ = {
			isa = XCConfigurationList;
			buildConfigurations = (
				3BAB869C2AB9A7960090D0B6 /* Debug */,
				3BAB869D2AB9A7960090D0B6 /* Release */,
			);
			defaultConfigurationIsVisible = 0;
			defaultConfigurationName = Release;
		};
		3BAB869E2AB9A7960090D0B6 /* Build configuration list for PBXNativeTarget "IOS10-HW22-KalykAzhar" */ = {
			isa = XCConfigurationList;
			buildConfigurations = (
				3BAB869F2AB9A7960090D0B6 /* Debug */,
				3BAB86A02AB9A7960090D0B6 /* Release */,
			);
			defaultConfigurationIsVisible = 0;
			defaultConfigurationName = Release;
		};
/* End XCConfigurationList section */

/* Begin XCVersionGroup section */
		3BAB870E2ABCB77B0090D0B6 /* Model.xcdatamodeld */ = {
			isa = XCVersionGroup;
			children = (
				3BAB870F2ABCB77B0090D0B6 /* Model.xcdatamodel */,
			);
			currentVersion = 3BAB870F2ABCB77B0090D0B6 /* Model.xcdatamodel */;
			path = Model.xcdatamodeld;
			sourceTree = "<group>";
			versionGroupType = wrapper.xcdatamodel;
		};
/* End XCVersionGroup section */
	};
	rootObject = 3BAB86822AB9A7950090D0B6 /* Project object */;
}
